
Microsoft Visual Studio Solution File, Format Version 12.00
# Visual Studio Version 16
VisualStudioVersion = 16.0.31005.135
MinimumVisualStudioVersion = 10.0.40219.1
Project("{FAE04EC0-301F-11D3-BF4B-00C04F79EFBC}") = "Parcial2", "Parcial2\Parcial2.csproj", "{B5B2EF3A-2B59-470F-AD98-0D8E4FA7E86E}"
EndProject
Global
	GlobalSection(SolutionConfigurationPlatforms) = preSolution
		Debug|Any CPU = Debug|Any CPU
		Release|Any CPU = Release|Any CPU
	EndGlobalSection
	GlobalSection(ProjectConfigurationPlatforms) = postSolution
		{B5B2EF3A-2B59-470F-AD98-0D8E4FA7E86E}.Debug|Any CPU.ActiveCfg = Debug|Any CPU
		{B5B2EF3A-2B59-470F-AD98-0D8E4FA7E86E}.Debug|Any CPU.Build.0 = Debug|Any CPU
		{B5B2EF3A-2B59-470F-AD98-0D8E4FA7E86E}.Release|Any CPU.ActiveCfg = Release|Any CPU
		{B5B2EF3A-2B59-470F-AD98-0D8E4FA7E86E}.Release|Any CPU.Build.0 = Release|Any CPU
	EndGlobalSection
	GlobalSection(SolutionProperties) = preSolution
		HideSolutionNode = FALSE
	EndGlobalSection
	GlobalSection(ExtensibilityGlobals) = postSolution
		SolutionGuid = {142EDDAC-5AAC-4EAB-B553-867665665909}
	EndGlobalSection
EndGlobal
